
Microsoft Visual Studio Solution File, Format Version 12.00
# Visual Studio Version 16
VisualStudioVersion = 16.0.30611.23
MinimumVisualStudioVersion = 10.0.40219.1
Project("{FAE04EC0-301F-11D3-BF4B-00C04F79EFBC}") = "TMSWebAPI", "TMSWebAPI\TMSWebAPI.csproj", "{3568FE72-3098-4D46-AD8D-A42B332B666E}"
EndProject
Global
	GlobalSection(SolutionConfigurationPlatforms) = preSolution
		Debug|Any CPU = Debug|Any CPU
		Release|Any CPU = Release|Any CPU
	EndGlobalSection
	GlobalSection(ProjectConfigurationPlatforms) = postSolution
		{3568FE72-3098-4D46-AD8D-A42B332B666E}.Debug|Any CPU.ActiveCfg = Debug|Any CPU
		{3568FE72-3098-4D46-AD8D-A42B332B666E}.Debug|Any CPU.Build.0 = Debug|Any CPU
		{3568FE72-3098-4D46-AD8D-A42B332B666E}.Release|Any CPU.ActiveCfg = Release|Any CPU
		{3568FE72-3098-4D46-AD8D-A42B332B666E}.Release|Any CPU.Build.0 = Release|Any CPU
	EndGlobalSection
	GlobalSection(SolutionProperties) = preSolution
		HideSolutionNode = FALSE
	EndGlobalSection
	GlobalSection(ExtensibilityGlobals) = postSolution
		SolutionGuid = {3B6B571B-A3E6-42EC-940C-095C80A0CF45}
	EndGlobalSection
EndGlobal
